
Microsoft Visual Studio Solution File, Format Version 12.00
# Visual Studio Version 17
VisualStudioVersion = 17.8.34330.188
MinimumVisualStudioVersion = 10.0.40219.1
Project("{FAE04EC0-301F-11D3-BF4B-00C04F79EFBC}") = "WeatherServiceAzureFuncNLP", "WeatherServiceAzureFuncNLP\WeatherServiceAzureFuncNLP.csproj", "{05441635-09E0-4297-AADF-1851468E16D2}"
EndProject
Global
	GlobalSection(SolutionConfigurationPlatforms) = preSolution
		Debug|Any CPU = Debug|Any CPU
		Release|Any CPU = Release|Any CPU
	EndGlobalSection
	GlobalSection(ProjectConfigurationPlatforms) = postSolution
		{05441635-09E0-4297-AADF-1851468E16D2}.Debug|Any CPU.ActiveCfg = Debug|Any CPU
		{05441635-09E0-4297-AADF-1851468E16D2}.Debug|Any CPU.Build.0 = Debug|Any CPU
		{05441635-09E0-4297-AADF-1851468E16D2}.Release|Any CPU.ActiveCfg = Release|Any CPU
		{05441635-09E0-4297-AADF-1851468E16D2}.Release|Any CPU.Build.0 = Release|Any CPU
	EndGlobalSection
	GlobalSection(SolutionProperties) = preSolution
		HideSolutionNode = FALSE
	EndGlobalSection
	GlobalSection(ExtensibilityGlobals) = postSolution
		SolutionGuid = {2FB550A7-A2A7-42D6-9308-57D44A364351}
	EndGlobalSection
EndGlobal
